
Microsoft Visual Studio Solution File, Format Version 12.00
# Visual Studio Version 16
VisualStudioVersion = 16.0.32901.82
MinimumVisualStudioVersion = 10.0.40219.1
Project("{FAE04EC0-301F-11D3-BF4B-00C04F79EFBC}") = "NeoMovie", "NeoMovie.csproj", "{06639316-6B5C-4E70-A6EA-B55CC4A85B63}"
EndProject
Global
	GlobalSection(SolutionConfigurationPlatforms) = preSolution
		Debug|Any CPU = Debug|Any CPU
		Release|Any CPU = Release|Any CPU
	EndGlobalSection
	GlobalSection(ProjectConfigurationPlatforms) = postSolution
		{06639316-6B5C-4E70-A6EA-B55CC4A85B63}.Debug|Any CPU.ActiveCfg = Debug|Any CPU
		{06639316-6B5C-4E70-A6EA-B55CC4A85B63}.Debug|Any CPU.Build.0 = Debug|Any CPU
		{06639316-6B5C-4E70-A6EA-B55CC4A85B63}.Release|Any CPU.ActiveCfg = Release|Any CPU
		{06639316-6B5C-4E70-A6EA-B55CC4A85B63}.Release|Any CPU.Build.0 = Release|Any CPU
	EndGlobalSection
	GlobalSection(SolutionProperties) = preSolution
		HideSolutionNode = FALSE
	EndGlobalSection
	GlobalSection(ExtensibilityGlobals) = postSolution
		SolutionGuid = {C97C5EA4-452F-4D25-9947-BC8AEA508C6A}
	EndGlobalSection
EndGlobal
